
Microsoft Visual Studio Solution File, Format Version 12.00
# Visual Studio Version 16
VisualStudioVersion = 16.0.30320.27
MinimumVisualStudioVersion = 15.0.26124.0
Project("{FAE04EC0-301F-11D3-BF4B-00C04F79EFBC}") = "AdventOfCode.2019", "AdventOfCode.2019\AdventOfCode.2019.csproj", "{175AB45F-BE3D-4527-B8A4-0D1BE42484F2}"
EndProject
Project("{FAE04EC0-301F-11D3-BF4B-00C04F79EFBC}") = "AdventOfCode.2019.Test", "AdventOfCode.2019.Test\AdventOfCode.2019.Test.csproj", "{241A13CC-3A6F-4E5B-8DC7-4D5F03873B99}"
EndProject
Global
	GlobalSection(SolutionConfigurationPlatforms) = preSolution
		Debug|Any CPU = Debug|Any CPU
		Debug|x64 = Debug|x64
		Debug|x86 = Debug|x86
		Release|Any CPU = Release|Any CPU
		Release|x64 = Release|x64
		Release|x86 = Release|x86
	EndGlobalSection
	GlobalSection(ProjectConfigurationPlatforms) = postSolution
		{175AB45F-BE3D-4527-B8A4-0D1BE42484F2}.Debug|Any CPU.ActiveCfg = Debug|Any CPU
		{175AB45F-BE3D-4527-B8A4-0D1BE42484F2}.Debug|Any CPU.Build.0 = Debug|Any CPU
		{175AB45F-BE3D-4527-B8A4-0D1BE42484F2}.Debug|x64.ActiveCfg = Debug|Any CPU
		{175AB45F-BE3D-4527-B8A4-0D1BE42484F2}.Debug|x64.Build.0 = Debug|Any CPU
		{175AB45F-BE3D-4527-B8A4-0D1BE42484F2}.Debug|x86.ActiveCfg = Debug|Any CPU
		{175AB45F-BE3D-4527-B8A4-0D1BE42484F2}.Debug|x86.Build.0 = Debug|Any CPU
		{175AB45F-BE3D-4527-B8A4-0D1BE42484F2}.Release|Any CPU.ActiveCfg = Release|Any CPU
		{175AB45F-BE3D-4527-B8A4-0D1BE42484F2}.Release|Any CPU.Build.0 = Release|Any CPU
		{175AB45F-BE3D-4527-B8A4-0D1BE42484F2}.Release|x64.ActiveCfg = Release|Any CPU
		{175AB45F-BE3D-4527-B8A4-0D1BE42484F2}.Release|x64.Build.0 = Release|Any CPU
		{175AB45F-BE3D-4527-B8A4-0D1BE42484F2}.Release|x86.ActiveCfg = Release|Any CPU
		{175AB45F-BE3D-4527-B8A4-0D1BE42484F2}.Release|x86.Build.0 = Release|Any CPU
		{241A13CC-3A6F-4E5B-8DC7-4D5F03873B99}.Debug|Any CPU.ActiveCfg = Debug|Any CPU
		{241A13CC-3A6F-4E5B-8DC7-4D5F03873B99}.Debug|Any CPU.Build.0 = Debug|Any CPU
		{241A13CC-3A6F-4E5B-8DC7-4D5F03873B99}.Debug|x64.ActiveCfg = Debug|Any CPU
		{241A13CC-3A6F-4E5B-8DC7-4D5F03873B99}.Debug|x64.Build.0 = Debug|Any CPU
		{241A13CC-3A6F-4E5B-8DC7-4D5F03873B99}.Debug|x86.ActiveCfg = Debug|Any CPU
		{241A13CC-3A6F-4E5B-8DC7-4D5F03873B99}.Debug|x86.Build.0 = Debug|Any CPU
		{241A13CC-3A6F-4E5B-8DC7-4D5F03873B99}.Release|Any CPU.ActiveCfg = Release|Any CPU
		{241A13CC-3A6F-4E5B-8DC7-4D5F03873B99}.Release|Any CPU.Build.0 = Release|Any CPU
		{241A13CC-3A6F-4E5B-8DC7-4D5F03873B99}.Release|x64.ActiveCfg = Release|Any CPU
		{241A13CC-3A6F-4E5B-8DC7-4D5F03873B99}.Release|x64.Build.0 = Release|Any CPU
		{241A13CC-3A6F-4E5B-8DC7-4D5F03873B99}.Release|x86.ActiveCfg = Release|Any CPU
		{241A13CC-3A6F-4E5B-8DC7-4D5F03873B99}.Release|x86.Build.0 = Release|Any CPU
	EndGlobalSection
	GlobalSection(SolutionProperties) = preSolution
		HideSolutionNode = FALSE
	EndGlobalSection
	GlobalSection(ExtensibilityGlobals) = postSolution
		SolutionGuid = {4D5B294C-F95C-4145-893D-F157F101FD8D}
	EndGlobalSection
EndGlobal
